# THIS IS AN AUTOGENERATED FILE. DO NOT EDIT THIS FILE DIRECTLY.
# yarn lockfile v1


react-native-safe-area-context@^0.7.3:
  version "0.7.3"
  resolved "https://registry.yarnpkg.com/react-native-safe-area-context/-/react-native-safe-area-context-0.7.3.tgz#ad6bd4abbabe195332c53810e4ce5851eb21aa2a"
  integrity sha512-9Uqu1vlXPi+2cKW/CW6OnHxA76mWC4kF3wvlqzq4DY8hn37AeiXtLFs2WkxH4yXQRrnJdP6ivc65Lz+MqwRZAA==
